PODS:
  - GMStoryVideoPlayer (0.1.0):
    - SDWebImage
    - SpinKit
  - SDWebImage (4.0.0):
    - SDWebImage/Core (= 4.0.0)
  - SDWebImage/Core (4.0.0)
  - SpinKit (1.2.0)

DEPENDENCIES:
  - GMStoryVideoPlayer (from `../`)
  - SDWebImage

EXTERNAL SOURCES:
  GMStoryVideoPlayer:
    :path: "../"

SPEC CHECKSUMS:
  GMStoryVideoPlayer: 1b5cc9626d8270e6593a3139a6ef1b178d4a2137
  SDWebImage: 76a6348bdc74eb5a55dd08a091ef298e56b55e41
  SpinKit: 65906a8b534a4e14cbfd3f8b0b6c329131faef4a

PODFILE CHECKSUM: a162a8df507dda1f0932d174e5ab12c78f69ee70

COCOAPODS: 1.2.0
